
Microsoft Visual Studio Solution File, Format Version 12.00
# Visual Studio 15
VisualStudioVersion = 15.0.28307.902
MinimumVisualStudioVersion = 10.0.40219.1
Project("{FAE04EC0-301F-11D3-BF4B-00C04F79EFBC}") = "ISP7_FinalEdition", "ISP7_FinalEdition\ISP7_FinalEdition.csproj", "{767F20BE-2AA3-47CC-A9EA-11C55CB0D344}"
EndProject
Global
	GlobalSection(SolutionConfigurationPlatforms) = preSolution
		Debug|Any CPU = Debug|Any CPU
		Release|Any CPU = Release|Any CPU
	EndGlobalSection
	GlobalSection(ProjectConfigurationPlatforms) = postSolution
		{767F20BE-2AA3-47CC-A9EA-11C55CB0D344}.Debug|Any CPU.ActiveCfg = Debug|Any CPU
		{767F20BE-2AA3-47CC-A9EA-11C55CB0D344}.Debug|Any CPU.Build.0 = Debug|Any CPU
		{767F20BE-2AA3-47CC-A9EA-11C55CB0D344}.Release|Any CPU.ActiveCfg = Release|Any CPU
		{767F20BE-2AA3-47CC-A9EA-11C55CB0D344}.Release|Any CPU.Build.0 = Release|Any CPU
	EndGlobalSection
	GlobalSection(SolutionProperties) = preSolution
		HideSolutionNode = FALSE
	EndGlobalSection
	GlobalSection(ExtensibilityGlobals) = postSolution
		SolutionGuid = {B6CEC7D3-637A-46AB-837B-8732ACE62639}
	EndGlobalSection
EndGlobal
